# @generated - this file is auto-generated by `mise lock` https://mise.jdx.dev/dev-tools/mise-lock.html

lockfile_version = 1

[[tools.python]]
version = "3.13.15"
backend = "core:python"
specifiers = ["3.13"]

[tools.python."platforms.linux-arm64"]
checksum = "sha256:985efd78c1c6521b379f7c64c2a25e6a1130f07441d1af8be441aa05260886aa"
url = "https://github.com/astral-sh/python-build-standalone/releases/download/20260814/cpython-3.13.15+20260814-aarch64-unknown-linux-gnu-install_only_stripped.tar.gz"
provenance = "github-attestations"

[tools.python."platforms.linux-arm64-musl"]
checksum = "sha256:6e0de96340a1096cac81c9b95226c410c71cdf81e3d4419c536ccad9b57ae1f7"
url = "https://github.com/astral-sh/python-build-standalone/releases/download/20260814/cpython-3.13.15+20260814-aarch64-unknown-linux-musl-install_only_stripped.tar.gz"
provenance = "github-attestations"

[tools.python."platforms.linux-x64"]
checksum = "blake3:78d5292d42cd3c063cc404171c0f8e3f278a04291b317e3cd5f3080b002deca6"
url = "https://github.com/astral-sh/python-build-standalone/releases/download/20260814/cpython-3.13.15+20260814-x86_64-unknown-linux-gnu-install_only_stripped.tar.gz"
provenance = "github-attestations"

[tools.python."platforms.linux-x64-musl"]
checksum = "sha256:cec161969cbd60f306c366066701a7ab2d40b78718e7d372281cabe5743423e6"
url = "https://github.com/astral-sh/python-build-standalone/releases/download/20260814/cpython-3.13.15+20260814-x86_64-unknown-linux-musl-install_only_stripped.tar.gz"
provenance = "github-attestations"

[tools.python."platforms.macos-arm64"]
checksum = "sha256:6d472fc49a4d95e58214a992c4c92aa73fe2a935837a01a9a36bab0bec6d72f3"
url = "https://github.com/astral-sh/python-build-standalone/releases/download/20260814/cpython-3.13.15+20260814-aarch64-apple-darwin-install_only_stripped.tar.gz"
provenance = "github-attestations"

[tools.python."platforms.macos-x64"]
checksum = "sha256:bf87354efcd9ae517da606fcda4e3a3f0d73a6f05ca7cba3c6d3c5270074bfc8"
url = "https://github.com/astral-sh/python-build-standalone/releases/download/20260814/cpython-3.13.15+20260814-x86_64-apple-darwin-install_only_stripped.tar.gz"
provenance = "github-attestations"

[tools.python."platforms.windows-x64"]
checksum = "sha256:07c977bbe4abad07e3bbc314608633e6c74eab482a7bae81f4361cda970b45e6"
url = "https://github.com/astral-sh/python-build-standalone/releases/download/20260814/cpython-3.13.15+20260814-x86_64-pc-windows-msvc-install_only_stripped.tar.gz"
provenance = "github-attestations"
